
Microsoft Visual Studio Solution File, Format Version 12.00
# Visual Studio Version 16
VisualStudioVersion = 16.0.32510.428
MinimumVisualStudioVersion = 10.0.40219.1
Project("{8BC9CEB8-8B4A-11D0-8D11-00A0C91BC942}") = "water", "water\water.vcxproj", "{AB9C15CC-CD1A-4140-AD83-65D545CF28FE}"
EndProject
Global
	GlobalSection(SolutionConfigurationPlatforms) = preSolution
		Debug|x64 = Debug|x64
		Debug|x86 = Debug|x86
		Release|x64 = Release|x64
		Release|x86 = Release|x86
	EndGlobalSection
	GlobalSection(ProjectConfigurationPlatforms) = postSolution
		{AB9C15CC-CD1A-4140-AD83-65D545CF28FE}.Debug|x64.ActiveCfg = Debug|x64
		{AB9C15CC-CD1A-4140-AD83-65D545CF28FE}.Debug|x64.Build.0 = Debug|x64
		{AB9C15CC-CD1A-4140-AD83-65D545CF28FE}.Debug|x86.ActiveCfg = Debug|Win32
		{AB9C15CC-CD1A-4140-AD83-65D545CF28FE}.Debug|x86.Build.0 = Debug|Win32
		{AB9C15CC-CD1A-4140-AD83-65D545CF28FE}.Release|x64.ActiveCfg = Release|x64
		{AB9C15CC-CD1A-4140-AD83-65D545CF28FE}.Release|x64.Build.0 = Release|x64
		{AB9C15CC-CD1A-4140-AD83-65D545CF28FE}.Release|x86.ActiveCfg = Release|Win32
		{AB9C15CC-CD1A-4140-AD83-65D545CF28FE}.Release|x86.Build.0 = Release|Win32
	EndGlobalSection
	GlobalSection(SolutionProperties) = preSolution
		HideSolutionNode = FALSE
	EndGlobalSection
	GlobalSection(ExtensibilityGlobals) = postSolution
		SolutionGuid = {15958C24-626E-4C09-A5A2-C3853E069B73}
	EndGlobalSection
EndGlobal
